// !$*UTF8*$!
{
	archiveVersion = 1;
	classes = {
	};
	objectVersion = 63;
	objects = {

/* Begin PBXAggregateTarget section */
		2265C2A024C0BC6000F17506 /* Autoversioning */ = {
			isa = PBXAggregateTarget;
			buildConfigurationList = 2265C2A124C0BC6000F17506 /* Build configuration list for PBXAggregateTarget "Autoversioning" */;
			buildPhases = (
				2265C2AA24C0BE8300F17506 /* ShellScript */,
			);
			dependencies = (
			);
			name = Autoversioning;
			productName = Autoversioning;
		};
/* End PBXAggregateTarget section */

/* Begin PBXBuildFile section */
		220D1CFA24DC966800578808 /* BluetoothOverlayView.swift in Sources */ = {isa = PBXBuildFile; fileRef = 220D1CF924DC966800578808 /* BluetoothOverlayView.swift */; };
		220DDB11236B9E3900429503 /* MapView.swift in Sources */ = {isa = PBXBuildFile; fileRef = 220DDB10236B9E3900429503 /* MapView.swift */; };
		2214DCE024FD763100BFA51C /* MapKit.framework in Frameworks */ = {isa = PBXBuildFile; fileRef = 2214DCDF24FD763100BFA51C /* MapKit.framework */; };
		2214DCE224FD763E00BFA51C /* CoreLocation.framework in Frameworks */ = {isa = PBXBuildFile; fileRef = 2214DCE124FD763E00BFA51C /* CoreLocation.framework */; };
		222271A5232B887100508ADA /* ClockSummaryView.swift in Sources */ = {isa = PBXBuildFile; fileRef = 222271A4232B887100508ADA /* ClockSummaryView.swift */; };
		222500CB24AE452B00B5872A /* Assets.xcassets in Resources */ = {isa = PBXBuildFile; fileRef = 222500CA24AE452A00B5872A /* Assets.xcassets */; };
		222D5AC324D5C69500D2FFB5 /* LocationDetailsView.swift in Sources */ = {isa = PBXBuildFile; fileRef = 222D5AC224D5C69500D2FFB5 /* LocationDetailsView.swift */; };
		22350E83233D359E00452BDF /* NetworkCharacteristics.swift in Sources */ = {isa = PBXBuildFile; fileRef = 22350E82233D359E00452BDF /* NetworkCharacteristics.swift */; };
		2236E4D528E8F35600B45171 /* LocationDetailsViewModel.swift in Sources */ = {isa = PBXBuildFile; fileRef = 2236E4D428E8F35600B45171 /* LocationDetailsViewModel.swift */; };
		2241E52523DD0ABB00ACE8A7 /* LocationProxyTestView.swift in Sources */ = {isa = PBXBuildFile; fileRef = 2241E52423DD0ABB00ACE8A7 /* LocationProxyTestView.swift */; };
		22485422295275A2005EF026 /* ErrorView.swift in Sources */ = {isa = PBXBuildFile; fileRef = 22485421295275A2005EF026 /* ErrorView.swift */; };
		224C538F234F6CDD00A68928 /* ClockListView.swift in Sources */ = {isa = PBXBuildFile; fileRef = 224C538E234F6CDD00A68928 /* ClockListView.swift */; };
		224C5391234FAE7300A68928 /* ClockDetailsView.swift in Sources */ = {isa = PBXBuildFile; fileRef = 224C5390234FAE7300A68928 /* ClockDetailsView.swift */; };
		22551952235870240056B9CD /* LocationSummaryView.swift in Sources */ = {isa = PBXBuildFile; fileRef = 22551951235870240056B9CD /* LocationSummaryView.swift */; };
		22551954235870F10056B9CD /* OtherSettingsView.swift in Sources */ = {isa = PBXBuildFile; fileRef = 22551953235870F10056B9CD /* OtherSettingsView.swift */; };
		2255195623587DB70056B9CD /* AvailableNetworksView.swift in Sources */ = {isa = PBXBuildFile; fileRef = 2255195523587DB70056B9CD /* AvailableNetworksView.swift */; };
		2255195823588AF50056B9CD /* NetworkDetailView.swift in Sources */ = {isa = PBXBuildFile; fileRef = 2255195723588AF50056B9CD /* NetworkDetailView.swift */; };
		22585259235694A0005C9696 /* ConfigItemView.swift in Sources */ = {isa = PBXBuildFile; fileRef = 22585258235694A0005C9696 /* ConfigItemView.swift */; };
		22604281236E40F800710F37 /* LocationProxy.swift in Sources */ = {isa = PBXBuildFile; fileRef = 22604280236E40F800710F37 /* LocationProxy.swift */; };
		22748BD22945492B0003385A /* GodModeService.swift in Sources */ = {isa = PBXBuildFile; fileRef = 22748BD12945492B0003385A /* GodModeService.swift */; };
		22748BD429454CF70003385A /* GodModeView.swift in Sources */ = {isa = PBXBuildFile; fileRef = 22748BD329454CF70003385A /* GodModeView.swift */; };
		227CC3062367925D00D7770D /* PropertiesView.swift in Sources */ = {isa = PBXBuildFile; fileRef = 227CC3052367925D00D7770D /* PropertiesView.swift */; };
		22836EB4228629750020B46F /* ClockletApp.swift in Sources */ = {isa = PBXBuildFile; fileRef = 22836EB3228629750020B46F /* ClockletApp.swift */; };
		22836EBE2286297C0020B46F /* LaunchScreen.storyboard in Resources */ = {isa = PBXBuildFile; fileRef = 22836EBC2286297C0020B46F /* LaunchScreen.storyboard */; };
		22836EC92286297C0020B46F /* ClockletTests.swift in Sources */ = {isa = PBXBuildFile; fileRef = 22836EC82286297C0020B46F /* ClockletTests.swift */; };
		22836ED722862AAC0020B46F /* CoreBluetooth.framework in Frameworks */ = {isa = PBXBuildFile; fileRef = 22836ED622862AAC0020B46F /* CoreBluetooth.framework */; };
		228A1C8E2462BB6C00033937 /* SettingsService.swift in Sources */ = {isa = PBXBuildFile; fileRef = 228A1C8D2462BB6C00033937 /* SettingsService.swift */; };
		228DF25F234FB41E00480588 /* NetworkSummaryView.swift in Sources */ = {isa = PBXBuildFile; fileRef = 228DF25E234FB41E00480588 /* NetworkSummaryView.swift */; };
		228DF261234FDF6400480588 /* ClockListViewModel.swift in Sources */ = {isa = PBXBuildFile; fileRef = 228DF260234FDF6400480588 /* ClockListViewModel.swift */; };
		229AD7BA236CE745006BEB07 /* CombineBluetooth in Frameworks */ = {isa = PBXBuildFile; productRef = 229AD7B9236CE745006BEB07 /* CombineBluetooth */; };
		229F3C68235EF82200EEA785 /* Clock.swift in Sources */ = {isa = PBXBuildFile; fileRef = 22BE0A3F235DE4EA00EB8780 /* Clock.swift */; };
		229F3C6A235F427100EEA785 /* LocationService.swift in Sources */ = {isa = PBXBuildFile; fileRef = 229F3C69235F427100EEA785 /* LocationService.swift */; };
		22A034E2248DA52800FA7370 /* GeocoderProxy.swift in Sources */ = {isa = PBXBuildFile; fileRef = 22A034E1248DA52800FA7370 /* GeocoderProxy.swift */; };
		22A0971D2942A57A00C2B7DF /* ClockConfiguratorView.swift in Sources */ = {isa = PBXBuildFile; fileRef = 22A0971C2942A57A00C2B7DF /* ClockConfiguratorView.swift */; };
		22A0AE042351492F00D04338 /* NetworkService.swift in Sources */ = {isa = PBXBuildFile; fileRef = 22A0AE032351492F00D04338 /* NetworkService.swift */; };
		22B2D0B324943B3500D570E2 /* ClockSettingsView.swift in Sources */ = {isa = PBXBuildFile; fileRef = 22B2D0B224943B3500D570E2 /* ClockSettingsView.swift */; };
		22B391C62368FD58009DF144 /* EnterPasswordView.swift in Sources */ = {isa = PBXBuildFile; fileRef = 22B391C52368FD58009DF144 /* EnterPasswordView.swift */; };
		22B488F124C503E40079873B /* TechnicalService.swift in Sources */ = {isa = PBXBuildFile; fileRef = 22B488F024C503E40079873B /* TechnicalService.swift */; };
		22B488F324C505040079873B /* ClockTechnicalView.swift in Sources */ = {isa = PBXBuildFile; fileRef = 22B488F224C505040079873B /* ClockTechnicalView.swift */; };
		22B488F524C5F0220079873B /* DeviceInfoService.swift in Sources */ = {isa = PBXBuildFile; fileRef = 22B488F424C5F0220079873B /* DeviceInfoService.swift */; };
		22BB977424C20CED0035D682 /* MockClock.swift in Sources */ = {isa = PBXBuildFile; fileRef = 22BB977324C20CED0035D682 /* MockClock.swift */; };
		22DC8A6A24CBAD7300DF0551 /* RoundyButtonStyle.swift in Sources */ = {isa = PBXBuildFile; fileRef = 22DC8A6924CBAD7300DF0551 /* RoundyButtonStyle.swift */; };
		22DEF6552504267500149B8A /* Utils.swift in Sources */ = {isa = PBXBuildFile; fileRef = 22DEF6542504267500149B8A /* Utils.swift */; };
		22FA7F402970CBAF00F3285E /* ClockletMacApp.swift in Sources */ = {isa = PBXBuildFile; fileRef = 22FA7F3F2970CBAF00F3285E /* ClockletMacApp.swift */; };
		22FA7F422970CBAF00F3285E /* ContentView.swift in Sources */ = {isa = PBXBuildFile; fileRef = 22FA7F412970CBAF00F3285E /* ContentView.swift */; };
		22FA7F442970CBB700F3285E /* Assets.xcassets in Resources */ = {isa = PBXBuildFile; fileRef = 22FA7F432970CBB700F3285E /* Assets.xcassets */; };
		22FA7F472970CBB700F3285E /* Preview Assets.xcassets in Resources */ = {isa = PBXBuildFile; fileRef = 22FA7F462970CBB700F3285E /* Preview Assets.xcassets */; };
		22FA7F522970CBB800F3285E /* ClockletMacTests.swift in Sources */ = {isa = PBXBuildFile; fileRef = 22FA7F512970CBB800F3285E /* ClockletMacTests.swift */; };
		22FA7F5C2970CBB800F3285E /* ClockletMacUITests.swift in Sources */ = {isa = PBXBuildFile; fileRef = 22FA7F5B2970CBB800F3285E /* ClockletMacUITests.swift */; };
		22FA7F5E2970CBB800F3285E /* ClockletMacUITestsLaunchTests.swift in Sources */ = {isa = PBXBuildFile; fileRef = 22FA7F5D2970CBB800F3285E /* ClockletMacUITestsLaunchTests.swift */; };
		22FA7F692970CC2200F3285E /* CombineBluetooth in Frameworks */ = {isa = PBXBuildFile; productRef = 22FA7F682970CC2200F3285E /* CombineBluetooth */; };
		22FA7F6B2970CC3200F3285E /* CoreLocation.framework in Frameworks */ = {isa = PBXBuildFile; fileRef = 22FA7F6A2970CC3200F3285E /* CoreLocation.framework */; };
		22FA7F6D2970CC3B00F3285E /* CoreBluetooth.framework in Frameworks */ = {isa = PBXBuildFile; fileRef = 22FA7F6C2970CC3B00F3285E /* CoreBluetooth.framework */; };
/* End PBXBuildFile section */

/* Begin PBXContainerItemProxy section */
		2265C2AB24C0BE9B00F17506 /* PBXContainerItemProxy */ = {
			isa = PBXContainerItemProxy;
			containerPortal = 22836EA8228629750020B46F /* Project object */;
			proxyType = 1;
			remoteGlobalIDString = 2265C2A024C0BC6000F17506;
			remoteInfo = Autoversioning;
		};
		22836EC52286297C0020B46F /* PBXContainerItemProxy */ = {
			isa = PBXContainerItemProxy;
			containerPortal = 22836EA8228629750020B46F /* Project object */;
			proxyType = 1;
			remoteGlobalIDString = 22836EAF228629750020B46F;
			remoteInfo = Clockses;
		};
		22FA7F4E2970CBB800F3285E /* PBXContainerItemProxy */ = {
			isa = PBXContainerItemProxy;
			containerPortal = 22836EA8228629750020B46F /* Project object */;
			proxyType = 1;
			remoteGlobalIDString = 22FA7F3C2970CBAF00F3285E;
			remoteInfo = ClockletMac;
		};
		22FA7F582970CBB800F3285E /* PBXContainerItemProxy */ = {
			isa = PBXContainerItemProxy;
			containerPortal = 22836EA8228629750020B46F /* Project object */;
			proxyType = 1;
			remoteGlobalIDString = 22FA7F3C2970CBAF00F3285E;
			remoteInfo = ClockletMac;
		};
/* End PBXContainerItemProxy section */

/* Begin PBXFileReference section */
		220D1CF924DC966800578808 /* BluetoothOverlayView.swift */ = {isa = PBXFileReference; lastKnownFileType = sourcecode.swift; path = BluetoothOverlayView.swift; sourceTree = "<group>"; };
		220DDB10236B9E3900429503 /* MapView.swift */ = {isa = PBXFileReference; lastKnownFileType = sourcecode.swift; path = MapView.swift; sourceTree = "<group>"; };
		2214DCDF24FD763100BFA51C /* MapKit.framework */ = {isa = PBXFileReference; lastKnownFileType = wrapper.framework; name = MapKit.framework; path = Platforms/MacOSX.platform/Developer/SDKs/MacOSX11.0.sdk/System/iOSSupport/System/Library/Frameworks/MapKit.framework; sourceTree = DEVELOPER_DIR; };
		2214DCE124FD763E00BFA51C /* CoreLocation.framework */ = {isa = PBXFileReference; lastKnownFileType = wrapper.framework; name = CoreLocation.framework; path = Platforms/MacOSX.platform/Developer/SDKs/MacOSX11.0.sdk/System/Library/Frameworks/CoreLocation.framework; sourceTree = DEVELOPER_DIR; };
		222271A4232B887100508ADA /* ClockSummaryView.swift */ = {isa = PBXFileReference; lastKnownFileType = sourcecode.swift; path = ClockSummaryView.swift; sourceTree = "<group>"; };
		222500C924AE451D00B5872A /* Clocklet.entitlements */ = {isa = PBXFileReference; lastKnownFileType = text.plist.entitlements; path = Clocklet.entitlements; sourceTree = "<group>"; };
		222500CA24AE452A00B5872A /* Assets.xcassets */ = {isa = PBXFileReference; lastKnownFileType = folder.assetcatalog; path = Assets.xcassets; sourceTree = "<group>"; };
		222D5AC224D5C69500D2FFB5 /* LocationDetailsView.swift */ = {isa = PBXFileReference; lastKnownFileType = sourcecode.swift; path = LocationDetailsView.swift; sourceTree = "<group>"; };
		22350E82233D359E00452BDF /* NetworkCharacteristics.swift */ = {isa = PBXFileReference; lastKnownFileType = sourcecode.swift; path = NetworkCharacteristics.swift; sourceTree = "<group>"; };
		2236E4D428E8F35600B45171 /* LocationDetailsViewModel.swift */ = {isa = PBXFileReference; lastKnownFileType = sourcecode.swift; path = LocationDetailsViewModel.swift; sourceTree = "<group>"; };
		2241E52423DD0ABB00ACE8A7 /* LocationProxyTestView.swift */ = {isa = PBXFileReference; lastKnownFileType = sourcecode.swift; path = LocationProxyTestView.swift; sourceTree = "<group>"; };
		22485421295275A2005EF026 /* ErrorView.swift */ = {isa = PBXFileReference; lastKnownFileType = sourcecode.swift; path = ErrorView.swift; sourceTree = "<group>"; };
		224C538E234F6CDD00A68928 /* ClockListView.swift */ = {isa = PBXFileReference; lastKnownFileType = sourcecode.swift; path = ClockListView.swift; sourceTree = "<group>"; };
		224C5390234FAE7300A68928 /* ClockDetailsView.swift */ = {isa = PBXFileReference; lastKnownFileType = sourcecode.swift; path = ClockDetailsView.swift; sourceTree = "<group>"; };
		22551951235870240056B9CD /* LocationSummaryView.swift */ = {isa = PBXFileReference; lastKnownFileType = sourcecode.swift; path = LocationSummaryView.swift; sourceTree = "<group>"; };
		22551953235870F10056B9CD /* OtherSettingsView.swift */ = {isa = PBXFileReference; lastKnownFileType = sourcecode.swift; path = OtherSettingsView.swift; sourceTree = "<group>"; };
		2255195523587DB70056B9CD /* AvailableNetworksView.swift */ = {isa = PBXFileReference; lastKnownFileType = sourcecode.swift; path = AvailableNetworksView.swift; sourceTree = "<group>"; };
		2255195723588AF50056B9CD /* NetworkDetailView.swift */ = {isa = PBXFileReference; lastKnownFileType = sourcecode.swift; path = NetworkDetailView.swift; sourceTree = "<group>"; };
		22585258235694A0005C9696 /* ConfigItemView.swift */ = {isa = PBXFileReference; lastKnownFileType = sourcecode.swift; path = ConfigItemView.swift; sourceTree = "<group>"; };
		22604280236E40F800710F37 /* LocationProxy.swift */ = {isa = PBXFileReference; lastKnownFileType = sourcecode.swift; path = LocationProxy.swift; sourceTree = "<group>"; };
		2265C29E24C0BC2500F17506 /* autoversioning.sh */ = {isa = PBXFileReference; fileEncoding = 4; lastKnownFileType = text.script.sh; path = autoversioning.sh; sourceTree = "<group>"; };
		22748BD12945492B0003385A /* GodModeService.swift */ = {isa = PBXFileReference; lastKnownFileType = sourcecode.swift; path = GodModeService.swift; sourceTree = "<group>"; };
		22748BD329454CF70003385A /* GodModeView.swift */ = {isa = PBXFileReference; lastKnownFileType = sourcecode.swift; path = GodModeView.swift; sourceTree = "<group>"; };
		227CC3052367925D00D7770D /* PropertiesView.swift */ = {isa = PBXFileReference; lastKnownFileType = sourcecode.swift; path = PropertiesView.swift; sourceTree = "<group>"; };
		2282626527B5AF2300134065 /* CombineBluetooth */ = {isa = PBXFileReference; lastKnownFileType = wrapper; name = CombineBluetooth; path = ../CombineBluetooth; sourceTree = "<group>"; };
		22836EB0228629750020B46F /* Clocklet.app */ = {isa = PBXFileReference; explicitFileType = wrapper.application; includeInIndex = 0; path = Clocklet.app; sourceTree = BUILT_PRODUCTS_DIR; };
		22836EB3228629750020B46F /* ClockletApp.swift */ = {isa = PBXFileReference; lastKnownFileType = sourcecode.swift; path = ClockletApp.swift; sourceTree = "<group>"; };
		22836EBD2286297C0020B46F /* Base */ = {isa = PBXFileReference; lastKnownFileType = file.storyboard; name = Base; path = Base.lproj/LaunchScreen.storyboard; sourceTree = "<group>"; };
		22836EBF2286297C0020B46F /* Info.plist */ = {isa = PBXFileReference; lastKnownFileType = text.plist.xml; path = Info.plist; sourceTree = "<group>"; };
		22836EC42286297C0020B46F /* ClockletTests.xctest */ = {isa = PBXFileReference; explicitFileType = wrapper.cfbundle; includeInIndex = 0; path = ClockletTests.xctest; sourceTree = BUILT_PRODUCTS_DIR; };
		22836EC82286297C0020B46F /* ClockletTests.swift */ = {isa = PBXFileReference; lastKnownFileType = sourcecode.swift; path = ClockletTests.swift; sourceTree = "<group>"; };
		22836ECA2286297C0020B46F /* Info.plist */ = {isa = PBXFileReference; lastKnownFileType = text.plist.xml; path = Info.plist; sourceTree = "<group>"; };
		22836ED622862AAC0020B46F /* CoreBluetooth.framework */ = {isa = PBXFileReference; lastKnownFileType = wrapper.framework; name = CoreBluetooth.framework; path = System/Library/Frameworks/CoreBluetooth.framework; sourceTree = SDKROOT; };
		228A1C8D2462BB6C00033937 /* SettingsService.swift */ = {isa = PBXFileReference; lastKnownFileType = sourcecode.swift; path = SettingsService.swift; sourceTree = "<group>"; };
		228DF25E234FB41E00480588 /* NetworkSummaryView.swift */ = {isa = PBXFileReference; lastKnownFileType = sourcecode.swift; path = NetworkSummaryView.swift; sourceTree = "<group>"; };
		228DF260234FDF6400480588 /* ClockListViewModel.swift */ = {isa = PBXFileReference; lastKnownFileType = sourcecode.swift; path = ClockListViewModel.swift; sourceTree = "<group>"; };
		229F3C69235F427100EEA785 /* LocationService.swift */ = {isa = PBXFileReference; lastKnownFileType = sourcecode.swift; path = LocationService.swift; sourceTree = "<group>"; };
		22A034E1248DA52800FA7370 /* GeocoderProxy.swift */ = {isa = PBXFileReference; lastKnownFileType = sourcecode.swift; path = GeocoderProxy.swift; sourceTree = "<group>"; };
		22A0971C2942A57A00C2B7DF /* ClockConfiguratorView.swift */ = {isa = PBXFileReference; lastKnownFileType = sourcecode.swift; path = ClockConfiguratorView.swift; sourceTree = "<group>"; };
		22A0AE032351492F00D04338 /* NetworkService.swift */ = {isa = PBXFileReference; lastKnownFileType = sourcecode.swift; path = NetworkService.swift; sourceTree = "<group>"; };
		22B2D0B224943B3500D570E2 /* ClockSettingsView.swift */ = {isa = PBXFileReference; lastKnownFileType = sourcecode.swift; path = ClockSettingsView.swift; sourceTree = "<group>"; };
		22B391C52368FD58009DF144 /* EnterPasswordView.swift */ = {isa = PBXFileReference; lastKnownFileType = sourcecode.swift; path = EnterPasswordView.swift; sourceTree = "<group>"; };
		22B488F024C503E40079873B /* TechnicalService.swift */ = {isa = PBXFileReference; lastKnownFileType = sourcecode.swift; path = TechnicalService.swift; sourceTree = "<group>"; };
		22B488F224C505040079873B /* ClockTechnicalView.swift */ = {isa = PBXFileReference; lastKnownFileType = sourcecode.swift; path = ClockTechnicalView.swift; sourceTree = "<group>"; };
		22B488F424C5F0220079873B /* DeviceInfoService.swift */ = {isa = PBXFileReference; lastKnownFileType = sourcecode.swift; path = DeviceInfoService.swift; sourceTree = "<group>"; };
		22BB977324C20CED0035D682 /* MockClock.swift */ = {isa = PBXFileReference; lastKnownFileType = sourcecode.swift; path = MockClock.swift; sourceTree = "<group>"; };
		22BE0A3F235DE4EA00EB8780 /* Clock.swift */ = {isa = PBXFileReference; lastKnownFileType = sourcecode.swift; path = Clock.swift; sourceTree = "<group>"; };
		22DC8A6924CBAD7300DF0551 /* RoundyButtonStyle.swift */ = {isa = PBXFileReference; lastKnownFileType = sourcecode.swift; path = RoundyButtonStyle.swift; sourceTree = "<group>"; };
		22DEF6542504267500149B8A /* Utils.swift */ = {isa = PBXFileReference; lastKnownFileType = sourcecode.swift; path = Utils.swift; sourceTree = "<group>"; };
		22FA7F3D2970CBAF00F3285E /* ClockletMac.app */ = {isa = PBXFileReference; explicitFileType = wrapper.application; includeInIndex = 0; path = ClockletMac.app; sourceTree = BUILT_PRODUCTS_DIR; };
		22FA7F3F2970CBAF00F3285E /* ClockletMacApp.swift */ = {isa = PBXFileReference; lastKnownFileType = sourcecode.swift; path = ClockletMacApp.swift; sourceTree = "<group>"; };
		22FA7F412970CBAF00F3285E /* ContentView.swift */ = {isa = PBXFileReference; lastKnownFileType = sourcecode.swift; path = ContentView.swift; sourceTree = "<group>"; };
		22FA7F432970CBB700F3285E /* Assets.xcassets */ = {isa = PBXFileReference; lastKnownFileType = folder.assetcatalog; path = Assets.xcassets; sourceTree = "<group>"; };
		22FA7F462970CBB700F3285E /* Preview Assets.xcassets */ = {isa = PBXFileReference; lastKnownFileType = folder.assetcatalog; path = "Preview Assets.xcassets"; sourceTree = "<group>"; };
		22FA7F482970CBB700F3285E /* ClockletMac.entitlements */ = {isa = PBXFileReference; lastKnownFileType = text.plist.entitlements; path = ClockletMac.entitlements; sourceTree = "<group>"; };
		22FA7F4D2970CBB800F3285E /* ClockletMacTests.xctest */ = {isa = PBXFileReference; explicitFileType = wrapper.cfbundle; includeInIndex = 0; path = ClockletMacTests.xctest; sourceTree = BUILT_PRODUCTS_DIR; };
		22FA7F512970CBB800F3285E /* ClockletMacTests.swift */ = {isa = PBXFileReference; lastKnownFileType = sourcecode.swift; path = ClockletMacTests.swift; sourceTree = "<group>"; };
		22FA7F572970CBB800F3285E /* ClockletMacUITests.xctest */ = {isa = PBXFileReference; explicitFileType = wrapper.cfbundle; includeInIndex = 0; path = ClockletMacUITests.xctest; sourceTree = BUILT_PRODUCTS_DIR; };
		22FA7F5B2970CBB800F3285E /* ClockletMacUITests.swift */ = {isa = PBXFileReference; lastKnownFileType = sourcecode.swift; path = ClockletMacUITests.swift; sourceTree = "<group>"; };
		22FA7F5D2970CBB800F3285E /* ClockletMacUITestsLaunchTests.swift */ = {isa = PBXFileReference; lastKnownFileType = sourcecode.swift; path = ClockletMacUITestsLaunchTests.swift; sourceTree = "<group>"; };
		22FA7F6A2970CC3200F3285E /* CoreLocation.framework */ = {isa = PBXFileReference; lastKnownFileType = wrapper.framework; name = CoreLocation.framework; path = Platforms/MacOSX.platform/Developer/SDKs/MacOSX13.1.sdk/System/Library/Frameworks/CoreLocation.framework; sourceTree = DEVELOPER_DIR; };
		22FA7F6C2970CC3B00F3285E /* CoreBluetooth.framework */ = {isa = PBXFileReference; lastKnownFileType = wrapper.framework; name = CoreBluetooth.framework; path = Platforms/MacOSX.platform/Developer/SDKs/MacOSX13.1.sdk/System/Library/Frameworks/CoreBluetooth.framework; sourceTree = DEVELOPER_DIR; };
/* End PBXFileReference section */

/* Begin PBXFrameworksBuildPhase section */
		22836EAD228629750020B46F /* Frameworks */ = {
			isa = PBXFrameworksBuildPhase;
			buildActionMask = 2147483647;
			files = (
				2214DCE224FD763E00BFA51C /* CoreLocation.framework in Frameworks */,
				22836ED722862AAC0020B46F /* CoreBluetooth.framework in Frameworks */,
				2214DCE024FD763100BFA51C /* MapKit.framework in Frameworks */,
				229AD7BA236CE745006BEB07 /* CombineBluetooth in Frameworks */,
			);
			runOnlyForDeploymentPostprocessing = 0;
		};
		22836EC12286297C0020B46F /* Frameworks */ = {
			isa = PBXFrameworksBuildPhase;
			buildActionMask = 2147483647;
			files = (
			);
			runOnlyForDeploymentPostprocessing = 0;
		};
		22FA7F3A2970CBAF00F3285E /* Frameworks */ = {
			isa = PBXFrameworksBuildPhase;
			buildActionMask = 2147483647;
			files = (
				22FA7F6D2970CC3B00F3285E /* CoreBluetooth.framework in Frameworks */,
				22FA7F6B2970CC3200F3285E /* CoreLocation.framework in Frameworks */,
				22FA7F692970CC2200F3285E /* CombineBluetooth in Frameworks */,
			);
			runOnlyForDeploymentPostprocessing = 0;
		};
		22FA7F4A2970CBB800F3285E /* Frameworks */ = {
			isa = PBXFrameworksBuildPhase;
			buildActionMask = 2147483647;
			files = (
			);
			runOnlyForDeploymentPostprocessing = 0;
		};
		22FA7F542970CBB800F3285E /* Frameworks */ = {
			isa = PBXFrameworksBuildPhase;
			buildActionMask = 2147483647;
			files = (
			);
			runOnlyForDeploymentPostprocessing = 0;
		};
/* End PBXFrameworksBuildPhase section */

/* Begin PBXGroup section */
		222D5AC124D5C08400D2FFB5 /* Location Details */ = {
			isa = PBXGroup;
			children = (
				22551951235870240056B9CD /* LocationSummaryView.swift */,
				222D5AC224D5C69500D2FFB5 /* LocationDetailsView.swift */,
				2236E4D428E8F35600B45171 /* LocationDetailsViewModel.swift */,
				220DDB10236B9E3900429503 /* MapView.swift */,
			);
			path = "Location Details";
			sourceTree = "<group>";
		};
		2265C29D24C0BC0A00F17506 /* Scripts */ = {
			isa = PBXGroup;
			children = (
				2265C29E24C0BC2500F17506 /* autoversioning.sh */,
			);
			path = Scripts;
			sourceTree = "<group>";
		};
		2282626427B5AF2300134065 /* Packages */ = {
			isa = PBXGroup;
			children = (
				2282626527B5AF2300134065 /* CombineBluetooth */,
			);
			name = Packages;
			sourceTree = "<group>";
		};
		22836EA7228629750020B46F = {
			isa = PBXGroup;
			children = (
				2282626427B5AF2300134065 /* Packages */,
				22836EB2228629750020B46F /* Clocklet */,
				22836EC72286297C0020B46F /* ClockletTests */,
				2265C29D24C0BC0A00F17506 /* Scripts */,
				22FA7F3E2970CBAF00F3285E /* ClockletMac */,
				22FA7F502970CBB800F3285E /* ClockletMacTests */,
				22FA7F5A2970CBB800F3285E /* ClockletMacUITests */,
				22836EB1228629750020B46F /* Products */,
				22836ED522862AAB0020B46F /* Frameworks */,
			);
			sourceTree = "<group>";
		};
		22836EB1228629750020B46F /* Products */ = {
			isa = PBXGroup;
			children = (
				22836EB0228629750020B46F /* Clocklet.app */,
				22836EC42286297C0020B46F /* ClockletTests.xctest */,
				22FA7F3D2970CBAF00F3285E /* ClockletMac.app */,
				22FA7F4D2970CBB800F3285E /* ClockletMacTests.xctest */,
				22FA7F572970CBB800F3285E /* ClockletMacUITests.xctest */,
			);
			name = Products;
			sourceTree = "<group>";
		};
		22836EB2228629750020B46F /* Clocklet */ = {
			isa = PBXGroup;
			children = (
				222500C924AE451D00B5872A /* Clocklet.entitlements */,
				22E2D988233A944500B4FCFD /* Bluetooth Models */,
				228DF2622350701800480588 /* Business */,
				228DF2642350703700480588 /* Clock List */,
				229076B323646DD700074A35 /* Clock Details */,
				22B2D0B124943B1A00D570E2 /* Clock Settings */,
				222D5AC124D5C08400D2FFB5 /* Location Details */,
				229076B423646E6100074A35 /* Network Details */,
				228DF2632350702F00480588 /* Shared Views */,
				222500CA24AE452A00B5872A /* Assets.xcassets */,
				22836EBC2286297C0020B46F /* LaunchScreen.storyboard */,
				22836EBF2286297C0020B46F /* Info.plist */,
			);
			path = Clocklet;
			sourceTree = "<group>";
		};
		22836EC72286297C0020B46F /* ClockletTests */ = {
			isa = PBXGroup;
			children = (
				22836EC82286297C0020B46F /* ClockletTests.swift */,
				22836ECA2286297C0020B46F /* Info.plist */,
			);
			path = ClockletTests;
			sourceTree = "<group>";
		};
		22836ED522862AAB0020B46F /* Frameworks */ = {
			isa = PBXGroup;
			children = (
				22FA7F6C2970CC3B00F3285E /* CoreBluetooth.framework */,
				2214DCE124FD763E00BFA51C /* CoreLocation.framework */,
				22FA7F6A2970CC3200F3285E /* CoreLocation.framework */,
				2214DCDF24FD763100BFA51C /* MapKit.framework */,
				22836ED622862AAC0020B46F /* CoreBluetooth.framework */,
			);
			name = Frameworks;
			sourceTree = "<group>";
		};
		228DF2622350701800480588 /* Business */ = {
			isa = PBXGroup;
			children = (
				22836EB3228629750020B46F /* ClockletApp.swift */,
				22604280236E40F800710F37 /* LocationProxy.swift */,
				22A034E1248DA52800FA7370 /* GeocoderProxy.swift */,
				22DEF6542504267500149B8A /* Utils.swift */,
			);
			path = Business;
			sourceTree = "<group>";
		};
		228DF2632350702F00480588 /* Shared Views */ = {
			isa = PBXGroup;
			children = (
				22551953235870F10056B9CD /* OtherSettingsView.swift */,
				22585258235694A0005C9696 /* ConfigItemView.swift */,
				227CC3052367925D00D7770D /* PropertiesView.swift */,
				2241E52423DD0ABB00ACE8A7 /* LocationProxyTestView.swift */,
				22DC8A6924CBAD7300DF0551 /* RoundyButtonStyle.swift */,
				22485421295275A2005EF026 /* ErrorView.swift */,
			);
			path = "Shared Views";
			sourceTree = "<group>";
		};
		228DF2642350703700480588 /* Clock List */ = {
			isa = PBXGroup;
			children = (
				228DF260234FDF6400480588 /* ClockListViewModel.swift */,
				224C538E234F6CDD00A68928 /* ClockListView.swift */,
				222271A4232B887100508ADA /* ClockSummaryView.swift */,
				220D1CF924DC966800578808 /* BluetoothOverlayView.swift */,
			);
			path = "Clock List";
			sourceTree = "<group>";
		};
		229076B323646DD700074A35 /* Clock Details */ = {
			isa = PBXGroup;
			children = (
				224C5390234FAE7300A68928 /* ClockDetailsView.swift */,
				22A0971C2942A57A00C2B7DF /* ClockConfiguratorView.swift */,
			);
			path = "Clock Details";
			sourceTree = "<group>";
		};
		229076B423646E6100074A35 /* Network Details */ = {
			isa = PBXGroup;
			children = (
				228DF25E234FB41E00480588 /* NetworkSummaryView.swift */,
				2255195723588AF50056B9CD /* NetworkDetailView.swift */,
				2255195523587DB70056B9CD /* AvailableNetworksView.swift */,
				22B391C52368FD58009DF144 /* EnterPasswordView.swift */,
			);
			path = "Network Details";
			sourceTree = "<group>";
		};
		22B2D0B124943B1A00D570E2 /* Clock Settings */ = {
			isa = PBXGroup;
			children = (
				22B2D0B224943B3500D570E2 /* ClockSettingsView.swift */,
				22B488F224C505040079873B /* ClockTechnicalView.swift */,
				22748BD329454CF70003385A /* GodModeView.swift */,
			);
			path = "Clock Settings";
			sourceTree = "<group>";
		};
		22E2D988233A944500B4FCFD /* Bluetooth Models */ = {
			isa = PBXGroup;
			children = (
				22BE0A3F235DE4EA00EB8780 /* Clock.swift */,
				22A0AE032351492F00D04338 /* NetworkService.swift */,
				22350E82233D359E00452BDF /* NetworkCharacteristics.swift */,
				229F3C69235F427100EEA785 /* LocationService.swift */,
				228A1C8D2462BB6C00033937 /* SettingsService.swift */,
				22B488F024C503E40079873B /* TechnicalService.swift */,
				22BB977324C20CED0035D682 /* MockClock.swift */,
				22B488F424C5F0220079873B /* DeviceInfoService.swift */,
				22748BD12945492B0003385A /* GodModeService.swift */,
			);
			path = "Bluetooth Models";
			sourceTree = "<group>";
		};
		22FA7F3E2970CBAF00F3285E /* ClockletMac */ = {
			isa = PBXGroup;
			children = (
				22FA7F3F2970CBAF00F3285E /* ClockletMacApp.swift */,
				22FA7F412970CBAF00F3285E /* ContentView.swift */,
				22FA7F432970CBB700F3285E /* Assets.xcassets */,
				22FA7F482970CBB700F3285E /* ClockletMac.entitlements */,
				22FA7F452970CBB700F3285E /* Preview Content */,
			);
			path = ClockletMac;
			sourceTree = "<group>";
		};
		22FA7F452970CBB700F3285E /* Preview Content */ = {
			isa = PBXGroup;
			children = (
				22FA7F462970CBB700F3285E /* Preview Assets.xcassets */,
			);
			path = "Preview Content";
			sourceTree = "<group>";
		};
		22FA7F502970CBB800F3285E /* ClockletMacTests */ = {
			isa = PBXGroup;
			children = (
				22FA7F512970CBB800F3285E /* ClockletMacTests.swift */,
			);
			path = ClockletMacTests;
			sourceTree = "<group>";
		};
		22FA7F5A2970CBB800F3285E /* ClockletMacUITests */ = {
			isa = PBXGroup;
			children = (
				22FA7F5B2970CBB800F3285E /* ClockletMacUITests.swift */,
				22FA7F5D2970CBB800F3285E /* ClockletMacUITestsLaunchTests.swift */,
			);
			path = ClockletMacUITests;
			sourceTree = "<group>";
		};
/* End PBXGroup section */

/* Begin PBXNativeTarget section */
		22836EAF228629750020B46F /* Clocklet */ = {
			isa = PBXNativeTarget;
			buildConfigurationList = 22836ECD2286297C0020B46F /* Build configuration list for PBXNativeTarget "Clocklet" */;
			buildPhases = (
				22836EAC228629750020B46F /* Sources */,
				22836EAD228629750020B46F /* Frameworks */,
				22836EAE228629750020B46F /* Resources */,
			);
			buildRules = (
			);
			dependencies = (
				2265C2AC24C0BE9B00F17506 /* PBXTargetDependency */,
			);
			name = Clocklet;
			packageProductDependencies = (
				229AD7B9236CE745006BEB07 /* CombineBluetooth */,
			);
			productName = Clockses;
			productReference = 22836EB0228629750020B46F /* Clocklet.app */;
			productType = "com.apple.product-type.application";
		};
		22836EC32286297C0020B46F /* ClockletTests */ = {
			isa = PBXNativeTarget;
			buildConfigurationList = 22836ED02286297C0020B46F /* Build configuration list for PBXNativeTarget "ClockletTests" */;
			buildPhases = (
				22836EC02286297C0020B46F /* Sources */,
				22836EC12286297C0020B46F /* Frameworks */,
				22836EC22286297C0020B46F /* Resources */,
			);
			buildRules = (
			);
			dependencies = (
				22836EC62286297C0020B46F /* PBXTargetDependency */,
			);
			name = ClockletTests;
			productName = ClocksesTests;
			productReference = 22836EC42286297C0020B46F /* ClockletTests.xctest */;
			productType = "com.apple.product-type.bundle.unit-test";
		};
		22FA7F3C2970CBAF00F3285E /* ClockletMac */ = {
			isa = PBXNativeTarget;
			buildConfigurationList = 22FA7F652970CBB800F3285E /* Build configuration list for PBXNativeTarget "ClockletMac" */;
			buildPhases = (
				22FA7F392970CBAF00F3285E /* Sources */,
				22FA7F3A2970CBAF00F3285E /* Frameworks */,
				22FA7F3B2970CBAF00F3285E /* Resources */,
			);
			buildRules = (
			);
			dependencies = (
			);
			name = ClockletMac;
			packageProductDependencies = (
				22FA7F682970CC2200F3285E /* CombineBluetooth */,
			);
			productName = ClockletMac;
			productReference = 22FA7F3D2970CBAF00F3285E /* ClockletMac.app */;
			productType = "com.apple.product-type.application";
		};
		22FA7F4C2970CBB800F3285E /* ClockletMacTests */ = {
			isa = PBXNativeTarget;
			buildConfigurationList = 22FA7F662970CBB800F3285E /* Build configuration list for PBXNativeTarget "ClockletMacTests" */;
			buildPhases = (
				22FA7F492970CBB800F3285E /* Sources */,
				22FA7F4A2970CBB800F3285E /* Frameworks */,
				22FA7F4B2970CBB800F3285E /* Resources */,
			);
			buildRules = (
			);
			dependencies = (
				22FA7F4F2970CBB800F3285E /* PBXTargetDependency */,
			);
			name = ClockletMacTests;
			productName = ClockletMacTests;
			productReference = 22FA7F4D2970CBB800F3285E /* ClockletMacTests.xctest */;
			productType = "com.apple.product-type.bundle.unit-test";
		};
		22FA7F562970CBB800F3285E /* ClockletMacUITests */ = {
			isa = PBXNativeTarget;
			buildConfigurationList = 22FA7F672970CBB800F3285E /* Build configuration list for PBXNativeTarget "ClockletMacUITests" */;
			buildPhases = (
				22FA7F532970CBB800F3285E /* Sources */,
				22FA7F542970CBB800F3285E /* Frameworks */,
				22FA7F552970CBB800F3285E /* Resources */,
			);
			buildRules = (
			);
			dependencies = (
				22FA7F592970CBB800F3285E /* PBXTargetDependency */,
			);
			name = ClockletMacUITests;
			productName = ClockletMacUITests;
			productReference = 22FA7F572970CBB800F3285E /* ClockletMacUITests.xctest */;
			productType = "com.apple.product-type.bundle.ui-testing";
		};
/* End PBXNativeTarget section */

/* Begin PBXProject section */
		22836EA8228629750020B46F /* Project object */ = {
			isa = PBXProject;
			attributes = {
				BuildIndependentTargetsInParallel = YES;
				LastSwiftUpdateCheck = 1420;
				LastUpgradeCheck = 1600;
				ORGANIZATIONNAME = "Spotlight Kid Ltd";
				TargetAttributes = {
					2265C2A024C0BC6000F17506 = {
						CreatedOnToolsVersion = 12.0;
					};
					22836EAF228629750020B46F = {
						CreatedOnToolsVersion = 10.2.1;
					};
					22836EC32286297C0020B46F = {
						CreatedOnToolsVersion = 10.2.1;
						TestTargetID = 22836EAF228629750020B46F;
					};
					22FA7F3C2970CBAF00F3285E = {
						CreatedOnToolsVersion = 14.2;
					};
					22FA7F4C2970CBB800F3285E = {
						CreatedOnToolsVersion = 14.2;
						TestTargetID = 22FA7F3C2970CBAF00F3285E;
					};
					22FA7F562970CBB800F3285E = {
						CreatedOnToolsVersion = 14.2;
						TestTargetID = 22FA7F3C2970CBAF00F3285E;
					};
				};
			};
			buildConfigurationList = 22836EAB228629750020B46F /* Build configuration list for PBXProject "Clocklet" */;
			compatibilityVersion = "Xcode 15.3";
			developmentRegion = en;
			hasScannedForEncodings = 0;
			knownRegions = (
				en,
				Base,
			);
			mainGroup = 22836EA7228629750020B46F;
			productRefGroup = 22836EB1228629750020B46F /* Products */;
			projectDirPath = "";
			projectRoot = "";
			targets = (
				22836EAF228629750020B46F /* Clocklet */,
				22836EC32286297C0020B46F /* ClockletTests */,
				2265C2A024C0BC6000F17506 /* Autoversioning */,
				22FA7F3C2970CBAF00F3285E /* ClockletMac */,
				22FA7F4C2970CBB800F3285E /* ClockletMacTests */,
				22FA7F562970CBB800F3285E /* ClockletMacUITests */,
			);
		};
/* End PBXProject section */

/* Begin PBXResourcesBuildPhase section */
		22836EAE228629750020B46F /* Resources */ = {
			isa = PBXResourcesBuildPhase;
			buildActionMask = 2147483647;
			files = (
				222500CB24AE452B00B5872A /* Assets.xcassets in Resources */,
				22836EBE2286297C0020B46F /* LaunchScreen.storyboard in Resources */,
			);
			runOnlyForDeploymentPostprocessing = 0;
		};
		22836EC22286297C0020B46F /* Resources */ = {
			isa = PBXResourcesBuildPhase;
			buildActionMask = 2147483647;
			files = (
			);
			runOnlyForDeploymentPostprocessing = 0;
		};
		22FA7F3B2970CBAF00F3285E /* Resources */ = {
			isa = PBXResourcesBuildPhase;
			buildActionMask = 2147483647;
			files = (
				22FA7F472970CBB700F3285E /* Preview Assets.xcassets in Resources */,
				22FA7F442970CBB700F3285E /* Assets.xcassets in Resources */,
			);
			runOnlyForDeploymentPostprocessing = 0;
		};
		22FA7F4B2970CBB800F3285E /* Resources */ = {
			isa = PBXResourcesBuildPhase;
			buildActionMask = 2147483647;
			files = (
			);
			runOnlyForDeploymentPostprocessing = 0;
		};
		22FA7F552970CBB800F3285E /* Resources */ = {
			isa = PBXResourcesBuildPhase;
			buildActionMask = 2147483647;
			files = (
			);
			runOnlyForDeploymentPostprocessing = 0;
		};
/* End PBXResourcesBuildPhase section */

/* Begin PBXShellScriptBuildPhase section */
		2265C2AA24C0BE8300F17506 /* ShellScript */ = {
			isa = PBXShellScriptBuildPhase;
			alwaysOutOfDate = 1;
			buildActionMask = 2147483647;
			files = (
			);
			inputFileListPaths = (
			);
			inputPaths = (
				"$(SRCROOT)/Scripts/autoversioning.sh",
			);
			outputFileListPaths = (
			);
			outputPaths = (
				"$(BUILT_PRODUCTS_DIR)/revision.prefix",
			);
			runOnlyForDeploymentPostprocessing = 0;
			shellPath = /bin/sh;
			shellScript = "./Scripts/autoversioning.sh\n";
		};
/* End PBXShellScriptBuildPhase section */

/* Begin PBXSourcesBuildPhase section */
		22836EAC228629750020B46F /* Sources */ = {
			isa = PBXSourcesBuildPhase;
			buildActionMask = 2147483647;
			files = (
				22551954235870F10056B9CD /* OtherSettingsView.swift in Sources */,
				22B488F124C503E40079873B /* TechnicalService.swift in Sources */,
				22B391C62368FD58009DF144 /* EnterPasswordView.swift in Sources */,
				2241E52523DD0ABB00ACE8A7 /* LocationProxyTestView.swift in Sources */,
				22551952235870240056B9CD /* LocationSummaryView.swift in Sources */,
				22DC8A6A24CBAD7300DF0551 /* RoundyButtonStyle.swift in Sources */,
				228DF25F234FB41E00480588 /* NetworkSummaryView.swift in Sources */,
				22485422295275A2005EF026 /* ErrorView.swift in Sources */,
				229F3C68235EF82200EEA785 /* Clock.swift in Sources */,
				222271A5232B887100508ADA /* ClockSummaryView.swift in Sources */,
				229F3C6A235F427100EEA785 /* LocationService.swift in Sources */,
				222D5AC324D5C69500D2FFB5 /* LocationDetailsView.swift in Sources */,
				22748BD22945492B0003385A /* GodModeService.swift in Sources */,
				22BB977424C20CED0035D682 /* MockClock.swift in Sources */,
				22350E83233D359E00452BDF /* NetworkCharacteristics.swift in Sources */,
				22748BD429454CF70003385A /* GodModeView.swift in Sources */,
				2255195623587DB70056B9CD /* AvailableNetworksView.swift in Sources */,
				227CC3062367925D00D7770D /* PropertiesView.swift in Sources */,
				2255195823588AF50056B9CD /* NetworkDetailView.swift in Sources */,
				2236E4D528E8F35600B45171 /* LocationDetailsViewModel.swift in Sources */,
				22836EB4228629750020B46F /* ClockletApp.swift in Sources */,
				228DF261234FDF6400480588 /* ClockListViewModel.swift in Sources */,
				22585259235694A0005C9696 /* ConfigItemView.swift in Sources */,
				22B488F324C505040079873B /* ClockTechnicalView.swift in Sources */,
				22A034E2248DA52800FA7370 /* GeocoderProxy.swift in Sources */,
				22B488F524C5F0220079873B /* DeviceInfoService.swift in Sources */,
				224C538F234F6CDD00A68928 /* ClockListView.swift in Sources */,
				22DEF6552504267500149B8A /* Utils.swift in Sources */,
				224C5391234FAE7300A68928 /* ClockDetailsView.swift in Sources */,
				220D1CFA24DC966800578808 /* BluetoothOverlayView.swift in Sources */,
				22B2D0B324943B3500D570E2 /* ClockSettingsView.swift in Sources */,
				22604281236E40F800710F37 /* LocationProxy.swift in Sources */,
				220DDB11236B9E3900429503 /* MapView.swift in Sources */,
				228A1C8E2462BB6C00033937 /* SettingsService.swift in Sources */,
				22A0AE042351492F00D04338 /* NetworkService.swift in Sources */,
				22A0971D2942A57A00C2B7DF /* ClockConfiguratorView.swift in Sources */,
			);
			runOnlyForDeploymentPostprocessing = 0;
		};
		22836EC02286297C0020B46F /* Sources */ = {
			isa = PBXSourcesBuildPhase;
			buildActionMask = 2147483647;
			files = (
				22836EC92286297C0020B46F /* ClockletTests.swift in Sources */,
			);
			runOnlyForDeploymentPostprocessing = 0;
		};
		22FA7F392970CBAF00F3285E /* Sources */ = {
			isa = PBXSourcesBuildPhase;
			buildActionMask = 2147483647;
			files = (
				22FA7F422970CBAF00F3285E /* ContentView.swift in Sources */,
				22FA7F402970CBAF00F3285E /* ClockletMacApp.swift in Sources */,
			);
			runOnlyForDeploymentPostprocessing = 0;
		};
		22FA7F492970CBB800F3285E /* Sources */ = {
			isa = PBXSourcesBuildPhase;
			buildActionMask = 2147483647;
			files = (
				22FA7F522970CBB800F3285E /* ClockletMacTests.swift in Sources */,
			);
			runOnlyForDeploymentPostprocessing = 0;
		};
		22FA7F532970CBB800F3285E /* Sources */ = {
			isa = PBXSourcesBuildPhase;
			buildActionMask = 2147483647;
			files = (
				22FA7F5C2970CBB800F3285E /* ClockletMacUITests.swift in Sources */,
				22FA7F5E2970CBB800F3285E /* ClockletMacUITestsLaunchTests.swift in Sources */,
			);
			runOnlyForDeploymentPostprocessing = 0;
		};
/* End PBXSourcesBuildPhase section */

/* Begin PBXTargetDependency section */
		2265C2AC24C0BE9B00F17506 /* PBXTargetDependency */ = {
			isa = PBXTargetDependency;
			target = 2265C2A024C0BC6000F17506 /* Autoversioning */;
			targetProxy = 2265C2AB24C0BE9B00F17506 /* PBXContainerItemProxy */;
		};
		22836EC62286297C0020B46F /* PBXTargetDependency */ = {
			isa = PBXTargetDependency;
			target = 22836EAF228629750020B46F /* Clocklet */;
			targetProxy = 22836EC52286297C0020B46F /* PBXContainerItemProxy */;
		};
		22FA7F4F2970CBB800F3285E /* PBXTargetDependency */ = {
			isa = PBXTargetDependency;
			target = 22FA7F3C2970CBAF00F3285E /* ClockletMac */;
			targetProxy = 22FA7F4E2970CBB800F3285E /* PBXContainerItemProxy */;
		};
		22FA7F592970CBB800F3285E /* PBXTargetDependency */ = {
			isa = PBXTargetDependency;
			target = 22FA7F3C2970CBAF00F3285E /* ClockletMac */;
			targetProxy = 22FA7F582970CBB800F3285E /* PBXContainerItemProxy */;
		};
/* End PBXTargetDependency section */

/* Begin PBXVariantGroup section */
		22836EBC2286297C0020B46F /* LaunchScreen.storyboard */ = {
			isa = PBXVariantGroup;
			children = (
				22836EBD2286297C0020B46F /* Base */,
			);
			name = LaunchScreen.storyboard;
			sourceTree = "<group>";
		};
/* End PBXVariantGroup section */

/* Begin XCBuildConfiguration section */
		2265C2A224C0BC6000F17506 /* Debug */ = {
			isa = XCBuildConfiguration;
			buildSettings = {
				PRODUCT_NAME = "$(TARGET_NAME)";
			};
			name = Debug;
		};
		2265C2A324C0BC6000F17506 /* Release */ = {
			isa = XCBuildConfiguration;
			buildSettings = {
				PRODUCT_NAME = "$(TARGET_NAME)";
			};
			name = Release;
		};
		22836ECB2286297C0020B46F /* Debug */ = {
			isa = XCBuildConfiguration;
			buildSettings = {
				ASSETCATALOG_COMPILER_GENERATE_SWIFT_ASSET_SYMBOL_EXTENSIONS = YES;
				CLANG_ANALYZER_NONNULL = YES;
				CLANG_ANALYZER_NUMBER_OBJECT_CONVERSION = YES_AGGRESSIVE;
				CLANG_CXX_LANGUAGE_STANDARD = "gnu++14";
				CLANG_CXX_LIBRARY = "libc++";
				CLANG_ENABLE_MODULES = YES;
				CLANG_ENABLE_OBJC_ARC = YES;
				CLANG_ENABLE_OBJC_WEAK = YES;
				CLANG_WARN_BLOCK_CAPTURE_AUTORELEASING = YES;
				CLANG_WARN_BOOL_CONVERSION = YES;
				CLANG_WARN_COMMA = YES;
				CLANG_WARN_CONSTANT_CONVERSION = YES;
				CLANG_WARN_DEPRECATED_OBJC_IMPLEMENTATIONS = YES;
				CLANG_WARN_DIRECT_OBJC_ISA_USAGE = YES_ERROR;
				CLANG_WARN_DOCUMENTATION_COMMENTS = YES;
				CLANG_WARN_EMPTY_BODY = YES;
				CLANG_WARN_ENUM_CONVERSION = YES;
				CLANG_WARN_INFINITE_RECURSION = YES;
				CLANG_WARN_INT_CONVERSION = YES;
				CLANG_WARN_NON_LITERAL_NULL_CONVERSION = YES;
				CLANG_WARN_OBJC_IMPLICIT_RETAIN_SELF = YES;
				CLANG_WARN_OBJC_LITERAL_CONVERSION = YES;
				CLANG_WARN_OBJC_ROOT_CLASS = YES_ERROR;
				CLANG_WARN_QUOTED_INCLUDE_IN_FRAMEWORK_HEADER = YES;
				CLANG_WARN_RANGE_LOOP_ANALYSIS = YES;
				CLANG_WARN_STRICT_PROTOTYPES = YES;
				CLANG_WARN_SUSPICIOUS_MOVE = YES;
				CLANG_WARN_UNGUARDED_AVAILABILITY = YES_AGGRESSIVE;
				CLANG_WARN_UNREACHABLE_CODE = YES;
				CLANG_WARN__DUPLICATE_METHOD_MATCH = YES;
				CODE_SIGN_IDENTITY = "iPhone Developer";
				COPY_PHASE_STRIP = NO;
				DEBUG_INFORMATION_FORMAT = dwarf;
				ENABLE_STRICT_OBJC_MSGSEND = YES;
				ENABLE_TESTABILITY = YES;
				ENABLE_USER_SCRIPT_SANDBOXING = YES;
				GCC_C_LANGUAGE_STANDARD = gnu11;
				GCC_DYNAMIC_NO_PIC = NO;
				GCC_NO_COMMON_BLOCKS = YES;
				GCC_OPTIMIZATION_LEVEL = 0;
				GCC_PREPROCESSOR_DEFINITIONS = (
					"DEBUG=1",
					"$(inherited)",
				);
				GCC_WARN_64_TO_32_BIT_CONVERSION = YES;
				GCC_WARN_ABOUT_RETURN_TYPE = YES_ERROR;
				GCC_WARN_UNDECLARED_SELECTOR = YES;
				GCC_WARN_UNINITIALIZED_AUTOS = YES_AGGRESSIVE;
				GCC_WARN_UNUSED_FUNCTION = YES;
				GCC_WARN_UNUSED_VARIABLE = YES;
				IPHONEOS_DEPLOYMENT_TARGET = 15.6;
				MTL_ENABLE_DEBUG_INFO = INCLUDE_SOURCE;
				MTL_FAST_MATH = YES;
				ONLY_ACTIVE_ARCH = YES;
				SDKROOT = iphoneos;
				SWIFT_ACTIVE_COMPILATION_CONDITIONS = DEBUG;
				SWIFT_OPTIMIZATION_LEVEL = "-Onone";
			};
			name = Debug;
		};
		22836ECC2286297C0020B46F /* Release */ = {
			isa = XCBuildConfiguration;
			buildSettings = {
				ASSETCATALOG_COMPILER_GENERATE_SWIFT_ASSET_SYMBOL_EXTENSIONS = YES;
				CLANG_ANALYZER_NONNULL = YES;
				CLANG_ANALYZER_NUMBER_OBJECT_CONVERSION = YES_AGGRESSIVE;
				CLANG_CXX_LANGUAGE_STANDARD = "gnu++14";
				CLANG_CXX_LIBRARY = "libc++";
				CLANG_ENABLE_MODULES = YES;
				CLANG_ENABLE_OBJC_ARC = YES;
				CLANG_ENABLE_OBJC_WEAK = YES;
				CLANG_WARN_BLOCK_CAPTURE_AUTORELEASING = YES;
				CLANG_WARN_BOOL_CONVERSION = YES;
				CLANG_WARN_COMMA = YES;
				CLANG_WARN_CONSTANT_CONVERSION = YES;
				CLANG_WARN_DEPRECATED_OBJC_IMPLEMENTATIONS = YES;
				CLANG_WARN_DIRECT_OBJC_ISA_USAGE = YES_ERROR;
				CLANG_WARN_DOCUMENTATION_COMMENTS = YES;
				CLANG_WARN_EMPTY_BODY = YES;
				CLANG_WARN_ENUM_CONVERSION = YES;
				CLANG_WARN_INFINITE_RECURSION = YES;
				CLANG_WARN_INT_CONVERSION = YES;
				CLANG_WARN_NON_LITERAL_NULL_CONVERSION = YES;
				CLANG_WARN_OBJC_IMPLICIT_RETAIN_SELF = YES;
				CLANG_WARN_OBJC_LITERAL_CONVERSION = YES;
				CLANG_WARN_OBJC_ROOT_CLASS = YES_ERROR;
				CLANG_WARN_QUOTED_INCLUDE_IN_FRAMEWORK_HEADER = YES;
				CLANG_WARN_RANGE_LOOP_ANALYSIS = YES;
				CLANG_WARN_STRICT_PROTOTYPES = YES;
				CLANG_WARN_SUSPICIOUS_MOVE = YES;
				CLANG_WARN_UNGUARDED_AVAILABILITY = YES_AGGRESSIVE;
				CLANG_WARN_UNREACHABLE_CODE = YES;
				CLANG_WARN__DUPLICATE_METHOD_MATCH = YES;
				CODE_SIGN_IDENTITY = "iPhone Developer";
				COPY_PHASE_STRIP = NO;
				DEBUG_INFORMATION_FORMAT = "dwarf-with-dsym";
				ENABLE_NS_ASSERTIONS = NO;
				ENABLE_STRICT_OBJC_MSGSEND = YES;
				ENABLE_USER_SCRIPT_SANDBOXING = YES;
				GCC_C_LANGUAGE_STANDARD = gnu11;
				GCC_NO_COMMON_BLOCKS = YES;
				GCC_WARN_64_TO_32_BIT_CONVERSION = YES;
				GCC_WARN_ABOUT_RETURN_TYPE = YES_ERROR;
				GCC_WARN_UNDECLARED_SELECTOR = YES;
				GCC_WARN_UNINITIALIZED_AUTOS = YES_AGGRESSIVE;
				GCC_WARN_UNUSED_FUNCTION = YES;
				GCC_WARN_UNUSED_VARIABLE = YES;
				IPHONEOS_DEPLOYMENT_TARGET = 15.6;
				MTL_ENABLE_DEBUG_INFO = NO;
				MTL_FAST_MATH = YES;
				ONLY_ACTIVE_ARCH = NO;
				SDKROOT = iphoneos;
				SWIFT_COMPILATION_MODE = wholemodule;
				SWIFT_OPTIMIZATION_LEVEL = "-O";
				VALIDATE_PRODUCT = YES;
			};
			name = Release;
		};
		22836ECE2286297C0020B46F /* Debug */ = {
			isa = XCBuildConfiguration;
			buildSettings = {
				ASSETCATALOG_COMPILER_APPICON_NAME = AppIcon;
				CODE_SIGN_ENTITLEMENTS = Clocklet/Clocklet.entitlements;
				CODE_SIGN_STYLE = Automatic;
				DEVELOPMENT_TEAM = 9M28MQ9SZC;
				INFOPLIST_FILE = "$(SRCROOT)/Clocklet/Info.plist";
				INFOPLIST_KEY_LSApplicationCategoryType = "public.app-category.utilities";
				INFOPLIST_OTHER_PREPROCESSOR_FLAGS = "-traditional";
				INFOPLIST_PREFIX_HEADER = $BUILT_PRODUCTS_DIR/revision.prefix;
				INFOPLIST_PREPROCESS = YES;
				IPHONEOS_DEPLOYMENT_TARGET = 16.0;
				LD_RUNPATH_SEARCH_PATHS = (
					"$(inherited)",
					"@executable_path/Frameworks",
				);
				MACOSX_DEPLOYMENT_TARGET = 11.0;
				PRODUCT_BUNDLE_IDENTIFIER = uk.co.spotlightkid.clocklet;
				PRODUCT_NAME = Clocklet;
				SUPPORTED_PLATFORMS = "iphoneos iphonesimulator";
				SUPPORTS_MACCATALYST = YES;
				SUPPORTS_MAC_DESIGNED_FOR_IPHONE_IPAD = NO;
				SWIFT_VERSION = 5.0;
				TARGETED_DEVICE_FAMILY = "1,2";
			};
			name = Debug;
		};
		22836ECF2286297C0020B46F /* Release */ = {
			isa = XCBuildConfiguration;
			buildSettings = {
				ASSETCATALOG_COMPILER_APPICON_NAME = AppIcon;
				CODE_SIGN_ENTITLEMENTS = Clocklet/Clocklet.entitlements;
				CODE_SIGN_STYLE = Automatic;
				DEVELOPMENT_TEAM = 9M28MQ9SZC;
				INFOPLIST_FILE = "$(SRCROOT)/Clocklet/Info.plist";
				INFOPLIST_KEY_LSApplicationCategoryType = "public.app-category.utilities";
				INFOPLIST_OTHER_PREPROCESSOR_FLAGS = "-traditional";
				INFOPLIST_PREFIX_HEADER = $BUILT_PRODUCTS_DIR/revision.prefix;
				INFOPLIST_PREPROCESS = YES;
				IPHONEOS_DEPLOYMENT_TARGET = 16.0;
				LD_RUNPATH_SEARCH_PATHS = (
					"$(inherited)",
					"@executable_path/Frameworks",
				);
				MACOSX_DEPLOYMENT_TARGET = 11.0;
				PRODUCT_BUNDLE_IDENTIFIER = uk.co.spotlightkid.clocklet;
				PRODUCT_NAME = Clocklet;
				SUPPORTED_PLATFORMS = "iphoneos iphonesimulator";
				SUPPORTS_MACCATALYST = YES;
				SUPPORTS_MAC_DESIGNED_FOR_IPHONE_IPAD = NO;
				SWIFT_VERSION = 5.0;
				TARGETED_DEVICE_FAMILY = "1,2";
			};
			name = Release;
		};
		22836ED12286297C0020B46F /* Debug */ = {
			isa = XCBuildConfiguration;
			buildSettings = {
				BUNDLE_LOADER = "$(TEST_HOST)";
				CODE_SIGN_STYLE = Automatic;
				DEVELOPMENT_TEAM = 9M28MQ9SZC;
				INFOPLIST_FILE = ClocksesTests/Info.plist;
				LD_RUNPATH_SEARCH_PATHS = (
					"$(inherited)",
					"@executable_path/Frameworks",
					"@loader_path/Frameworks",
				);
				PRODUCT_BUNDLE_IDENTIFIER = uk.co.spotlightkid.ClocksesTests;
				PRODUCT_NAME = "$(TARGET_NAME)";
				SWIFT_VERSION = 5.0;
				TARGETED_DEVICE_FAMILY = "1,2";
				TEST_HOST = "$(BUILT_PRODUCTS_DIR)/Clocklet.app/Clocklet";
			};
			name = Debug;
		};
		22836ED22286297C0020B46F /* Release */ = {
			isa = XCBuildConfiguration;
			buildSettings = {
				BUNDLE_LOADER = "$(TEST_HOST)";
				CODE_SIGN_STYLE = Automatic;
				DEVELOPMENT_TEAM = 9M28MQ9SZC;
				INFOPLIST_FILE = ClocksesTests/Info.plist;
				LD_RUNPATH_SEARCH_PATHS = (
					"$(inherited)",
					"@executable_path/Frameworks",
					"@loader_path/Frameworks",
				);
				PRODUCT_BUNDLE_IDENTIFIER = uk.co.spotlightkid.ClocksesTests;
				PRODUCT_NAME = "$(TARGET_NAME)";
				SWIFT_VERSION = 5.0;
				TARGETED_DEVICE_FAMILY = "1,2";
				TEST_HOST = "$(BUILT_PRODUCTS_DIR)/Clocklet.app/Clocklet";
			};
			name = Release;
		};
		22FA7F5F2970CBB800F3285E /* Debug */ = {
			isa = XCBuildConfiguration;
			buildSettings = {
				ALWAYS_SEARCH_USER_PATHS = NO;
				ASSETCATALOG_COMPILER_APPICON_NAME = AppIcon;
				ASSETCATALOG_COMPILER_GLOBAL_ACCENT_COLOR_NAME = AccentColor;
				CLANG_CXX_LANGUAGE_STANDARD = "gnu++20";
				CODE_SIGN_ENTITLEMENTS = ClockletMac/ClockletMac.entitlements;
				CODE_SIGN_STYLE = Automatic;
				COMBINE_HIDPI_IMAGES = YES;
				CURRENT_PROJECT_VERSION = 1;
				DEAD_CODE_STRIPPING = YES;
				DEVELOPMENT_ASSET_PATHS = "\"ClockletMac/Preview Content\"";
				DEVELOPMENT_TEAM = 9M28MQ9SZC;
				ENABLE_HARDENED_RUNTIME = YES;
				ENABLE_PREVIEWS = YES;
				GENERATE_INFOPLIST_FILE = YES;
				INFOPLIST_KEY_NSHumanReadableCopyright = "Copyright © 2023 Spotlight Kid Ltd. All rights reserved.";
				LD_RUNPATH_SEARCH_PATHS = (
					"$(inherited)",
					"@executable_path/../Frameworks",
				);
				MACOSX_DEPLOYMENT_TARGET = 13.1;
				MARKETING_VERSION = 1.0;
				PRODUCT_BUNDLE_IDENTIFIER = uk.co.spotlightkit.ClockletMac;
				PRODUCT_NAME = "$(TARGET_NAME)";
				SDKROOT = macosx;
				SWIFT_EMIT_LOC_STRINGS = YES;
				SWIFT_VERSION = 5.0;
			};
			name = Debug;
		};
		22FA7F602970CBB800F3285E /* Release */ = {
			isa = XCBuildConfiguration;
			buildSettings = {
				ALWAYS_SEARCH_USER_PATHS = NO;
				ASSETCATALOG_COMPILER_APPICON_NAME = AppIcon;
				ASSETCATALOG_COMPILER_GLOBAL_ACCENT_COLOR_NAME = AccentColor;
				CLANG_CXX_LANGUAGE_STANDARD = "gnu++20";
				CODE_SIGN_ENTITLEMENTS = ClockletMac/ClockletMac.entitlements;
				CODE_SIGN_STYLE = Automatic;
				COMBINE_HIDPI_IMAGES = YES;
				CURRENT_PROJECT_VERSION = 1;
				DEAD_CODE_STRIPPING = YES;
				DEVELOPMENT_ASSET_PATHS = "\"ClockletMac/Preview Content\"";
				DEVELOPMENT_TEAM = 9M28MQ9SZC;
				ENABLE_HARDENED_RUNTIME = YES;
				ENABLE_PREVIEWS = YES;
				GENERATE_INFOPLIST_FILE = YES;
				INFOPLIST_KEY_NSHumanReadableCopyright = "Copyright © 2023 Spotlight Kid Ltd. All rights reserved.";
				LD_RUNPATH_SEARCH_PATHS = (
					"$(inherited)",
					"@executable_path/../Frameworks",
				);
				MACOSX_DEPLOYMENT_TARGET = 13.1;
				MARKETING_VERSION = 1.0;
				PRODUCT_BUNDLE_IDENTIFIER = uk.co.spotlightkit.ClockletMac;
				PRODUCT_NAME = "$(TARGET_NAME)";
				SDKROOT = macosx;
				SWIFT_EMIT_LOC_STRINGS = YES;
				SWIFT_VERSION = 5.0;
			};
			name = Release;
		};
		22FA7F612970CBB800F3285E /* Debug */ = {
			isa = XCBuildConfiguration;
			buildSettings = {
				ALWAYS_SEARCH_USER_PATHS = NO;
				BUNDLE_LOADER = "$(TEST_HOST)";
				CLANG_CXX_LANGUAGE_STANDARD = "gnu++20";
				CODE_SIGN_STYLE = Automatic;
				CURRENT_PROJECT_VERSION = 1;
				DEAD_CODE_STRIPPING = YES;
				DEVELOPMENT_TEAM = 9M28MQ9SZC;
				GENERATE_INFOPLIST_FILE = YES;
				MACOSX_DEPLOYMENT_TARGET = 13.1;
				MARKETING_VERSION = 1.0;
				PRODUCT_BUNDLE_IDENTIFIER = uk.co.spotlightkit.ClockletMacTests;
				PRODUCT_NAME = "$(TARGET_NAME)";
				SDKROOT = macosx;
				SWIFT_EMIT_LOC_STRINGS = NO;
				SWIFT_VERSION = 5.0;
				TEST_HOST = "$(BUILT_PRODUCTS_DIR)/ClockletMac.app/$(BUNDLE_EXECUTABLE_FOLDER_PATH)/ClockletMac";
			};
			name = Debug;
		};
		22FA7F622970CBB800F3285E /* Release */ = {
			isa = XCBuildConfiguration;
			buildSettings = {
				ALWAYS_SEARCH_USER_PATHS = NO;
				BUNDLE_LOADER = "$(TEST_HOST)";
				CLANG_CXX_LANGUAGE_STANDARD = "gnu++20";
				CODE_SIGN_STYLE = Automatic;
				CURRENT_PROJECT_VERSION = 1;
				DEAD_CODE_STRIPPING = YES;
				DEVELOPMENT_TEAM = 9M28MQ9SZC;
				GENERATE_INFOPLIST_FILE = YES;
				MACOSX_DEPLOYMENT_TARGET = 13.1;
				MARKETING_VERSION = 1.0;
				PRODUCT_BUNDLE_IDENTIFIER = uk.co.spotlightkit.ClockletMacTests;
				PRODUCT_NAME = "$(TARGET_NAME)";
				SDKROOT = macosx;
				SWIFT_EMIT_LOC_STRINGS = NO;
				SWIFT_VERSION = 5.0;
				TEST_HOST = "$(BUILT_PRODUCTS_DIR)/ClockletMac.app/$(BUNDLE_EXECUTABLE_FOLDER_PATH)/ClockletMac";
			};
			name = Release;
		};
		22FA7F632970CBB800F3285E /* Debug */ = {
			isa = XCBuildConfiguration;
			buildSettings = {
				ALWAYS_SEARCH_USER_PATHS = NO;
				CLANG_CXX_LANGUAGE_STANDARD = "gnu++20";
				CODE_SIGN_STYLE = Automatic;
				CURRENT_PROJECT_VERSION = 1;
				DEAD_CODE_STRIPPING = YES;
				DEVELOPMENT_TEAM = 9M28MQ9SZC;
				GENERATE_INFOPLIST_FILE = YES;
				MACOSX_DEPLOYMENT_TARGET = 13.1;
				MARKETING_VERSION = 1.0;
				PRODUCT_BUNDLE_IDENTIFIER = uk.co.spotlightkit.ClockletMacUITests;
				PRODUCT_NAME = "$(TARGET_NAME)";
				SDKROOT = macosx;
				SWIFT_EMIT_LOC_STRINGS = NO;
				SWIFT_VERSION = 5.0;
				TEST_TARGET_NAME = ClockletMac;
			};
			name = Debug;
		};
		22FA7F642970CBB800F3285E /* Release */ = {
			isa = XCBuildConfiguration;
			buildSettings = {
				ALWAYS_SEARCH_USER_PATHS = NO;
				CLANG_CXX_LANGUAGE_STANDARD = "gnu++20";
				CODE_SIGN_STYLE = Automatic;
				CURRENT_PROJECT_VERSION = 1;
				DEAD_CODE_STRIPPING = YES;
				DEVELOPMENT_TEAM = 9M28MQ9SZC;
				GENERATE_INFOPLIST_FILE = YES;
				MACOSX_DEPLOYMENT_TARGET = 13.1;
				MARKETING_VERSION = 1.0;
				PRODUCT_BUNDLE_IDENTIFIER = uk.co.spotlightkit.ClockletMacUITests;
				PRODUCT_NAME = "$(TARGET_NAME)";
				SDKROOT = macosx;
				SWIFT_EMIT_LOC_STRINGS = NO;
				SWIFT_VERSION = 5.0;
				TEST_TARGET_NAME = ClockletMac;
			};
			name = Release;
		};
/* End XCBuildConfiguration section */

/* Begin XCConfigurationList section */
		2265C2A124C0BC6000F17506 /* Build configuration list for PBXAggregateTarget "Autoversioning" */ = {
			isa = XCConfigurationList;
			buildConfigurations = (
				2265C2A224C0BC6000F17506 /* Debug */,
				2265C2A324C0BC6000F17506 /* Release */,
			);
			defaultConfigurationIsVisible = 0;
			defaultConfigurationName = Release;
		};
		22836EAB228629750020B46F /* Build configuration list for PBXProject "Clocklet" */ = {
			isa = XCConfigurationList;
			buildConfigurations = (
				22836ECB2286297C0020B46F /* Debug */,
				22836ECC2286297C0020B46F /* Release */,
			);
			defaultConfigurationIsVisible = 0;
			defaultConfigurationName = Release;
		};
		22836ECD2286297C0020B46F /* Build configuration list for PBXNativeTarget "Clocklet" */ = {
			isa = XCConfigurationList;
			buildConfigurations = (
				22836ECE2286297C0020B46F /* Debug */,
				22836ECF2286297C0020B46F /* Release */,
			);
			defaultConfigurationIsVisible = 0;
			defaultConfigurationName = Release;
		};
		22836ED02286297C0020B46F /* Build configuration list for PBXNativeTarget "ClockletTests" */ = {
			isa = XCConfigurationList;
			buildConfigurations = (
				22836ED12286297C0020B46F /* Debug */,
				22836ED22286297C0020B46F /* Release */,
			);
			defaultConfigurationIsVisible = 0;
			defaultConfigurationName = Release;
		};
		22FA7F652970CBB800F3285E /* Build configuration list for PBXNativeTarget "ClockletMac" */ = {
			isa = XCConfigurationList;
			buildConfigurations = (
				22FA7F5F2970CBB800F3285E /* Debug */,
				22FA7F602970CBB800F3285E /* Release */,
			);
			defaultConfigurationIsVisible = 0;
			defaultConfigurationName = Release;
		};
		22FA7F662970CBB800F3285E /* Build configuration list for PBXNativeTarget "ClockletMacTests" */ = {
			isa = XCConfigurationList;
			buildConfigurations = (
				22FA7F612970CBB800F3285E /* Debug */,
				22FA7F622970CBB800F3285E /* Release */,
			);
			defaultConfigurationIsVisible = 0;
			defaultConfigurationName = Release;
		};
		22FA7F672970CBB800F3285E /* Build configuration list for PBXNativeTarget "ClockletMacUITests" */ = {
			isa = XCConfigurationList;
			buildConfigurations = (
				22FA7F632970CBB800F3285E /* Debug */,
				22FA7F642970CBB800F3285E /* Release */,
			);
			defaultConfigurationIsVisible = 0;
			defaultConfigurationName = Release;
		};
/* End XCConfigurationList section */

/* Begin XCSwiftPackageProductDependency section */
		229AD7B9236CE745006BEB07 /* CombineBluetooth */ = {
			isa = XCSwiftPackageProductDependency;
			productName = CombineBluetooth;
		};
		22FA7F682970CC2200F3285E /* CombineBluetooth */ = {
			isa = XCSwiftPackageProductDependency;
			productName = CombineBluetooth;
		};
/* End XCSwiftPackageProductDependency section */
	};
	rootObject = 22836EA8228629750020B46F /* Project object */;
}
